{
	"name": "ddw-theme-creator",
	"version": "0.2.2",
	"lockfileVersion": 1,
	"requires": true,
	"dependencies": {
		"@babel/helper-function-name": {
			"version": "7.10.4",
			"resolved": "https://registry.npmjs.org/@babel/helper-function-name/-/helper-function-name-7.10.4.tgz",
			"integrity": "sha512-YdaSyz1n8gY44EmN7x44zBn9zQ1Ry2Y+3GTA+3vH6Mizke1Vw0aWDM66FOYEPw8//qKkmqOckrGgTYa+6sceqQ==",
			"dev": true,
			"requires": {
				"@babel/helper-get-function-arity": "^7.10.4",
				"@babel/template": "^7.10.4",
				"@babel/types": "^7.10.4"
			},
			"dependencies": {
				"@babel/types": {
					"version": "7.10.4",
					"resolved": "https://registry.npmjs.org/@babel/types/-/types-7.10.4.tgz",
					"integrity": "sha512-UTCFOxC3FsFHb7lkRMVvgLzaRVamXuAs2Tz4wajva4WxtVY82eZeaUBtC2Zt95FU9TiznuC0Zk35tsim8jeVpg==",
					"dev": true,
					"requires": {
						"@babel/helper-validator-identifier": "^7.10.4",
						"lodash": "^4.17.13",
						"to-fast-properties": "^2.0.0"
					}
				}
			}
		},
		"@babel/helper-get-function-arity": {
			"version": "7.10.4",
			"resolved": "https://registry.npmjs.org/@babel/helper-get-function-arity/-/helper-get-function-arity-7.10.4.tgz",
			"integrity": "sha512-EkN3YDB+SRDgiIUnNgcmiD361ti+AVbL3f3Henf6dqqUyr5dMsorno0lJWJuLhDhkI5sYEpgj6y9kB8AOU1I2A==",
			"dev": true,
			"requires": {
				"@babel/types": "^7.10.4"
			},
			"dependencies": {
				"@babel/types": {
					"version": "7.10.4",
					"resolved": "https://registry.npmjs.org/@babel/types/-/types-7.10.4.tgz",
					"integrity": "sha512-UTCFOxC3FsFHb7lkRMVvgLzaRVamXuAs2Tz4wajva4WxtVY82eZeaUBtC2Zt95FU9TiznuC0Zk35tsim8jeVpg==",
					"dev": true,
					"requires": {
						"@babel/helper-validator-identifier": "^7.10.4",
						"lodash": "^4.17.13",
						"to-fast-properties": "^2.0.0"
					}
				}
			}
		},
		"@babel/helper-optimise-call-expression": {
			"version": "7.10.4",
			"resolved": "https://registry.npmjs.org/@babel/helper-optimise-call-expression/-/helper-optimise-call-expression-7.10.4.tgz",
			"integrity": "sha512-n3UGKY4VXwXThEiKrgRAoVPBMqeoPgHVqiHZOanAJCG9nQUL2pLRQirUzl0ioKclHGpGqRgIOkgcIJaIWLpygg==",
			"dev": true,
			"requires": {
				"@babel/types": "^7.10.4"
			},
			"dependencies": {
				"@babel/types": {
					"version": "7.10.4",
					"resolved": "https://registry.npmjs.org/@babel/types/-/types-7.10.4.tgz",
					"integrity": "sha512-UTCFOxC3FsFHb7lkRMVvgLzaRVamXuAs2Tz4wajva4WxtVY82eZeaUBtC2Zt95FU9TiznuC0Zk35tsim8jeVpg==",
					"dev": true,
					"requires": {
						"@babel/helper-validator-identifier": "^7.10.4",
						"lodash": "^4.17.13",
						"to-fast-properties": "^2.0.0"
					}
				}
			}
		},
		"@babel/helper-plugin-utils": {
			"version": "7.10.4",
			"resolved": "https://registry.npmjs.org/@babel/helper-plugin-utils/-/helper-plugin-utils-7.10.4.tgz",
			"integrity": "sha512-O4KCvQA6lLiMU9l2eawBPMf1xPP8xPfB3iEQw150hOVTqj/rfXz0ThTb4HEzqQfs2Bmo5Ay8BzxfzVtBrr9dVg==",
			"dev": true
		},
		"@babel/helper-split-export-declaration": {
			"version": "7.10.4",
			"resolved": "https://registry.npmjs.org/@babel/helper-split-export-declaration/-/helper-split-export-declaration-7.10.4.tgz",
			"integrity": "sha512-pySBTeoUff56fL5CBU2hWm9TesA4r/rOkI9DyJLvvgz09MB9YtfIYe3iBriVaYNaPe+Alua0vBIOVOLs2buWhg==",
			"dev": true,
			"requires": {
				"@babel/types": "^7.10.4"
			},
			"dependencies": {
				"@babel/types": {
					"version": "7.10.4",
					"resolved": "https://registry.npmjs.org/@babel/types/-/types-7.10.4.tgz",
					"integrity": "sha512-UTCFOxC3FsFHb7lkRMVvgLzaRVamXuAs2Tz4wajva4WxtVY82eZeaUBtC2Zt95FU9TiznuC0Zk35tsim8jeVpg==",
					"dev": true,
					"requires": {
						"@babel/helper-validator-identifier": "^7.10.4",
						"lodash": "^4.17.13",
						"to-fast-properties": "^2.0.0"
					}
				}
			}
		},
		"@babel/helper-validator-identifier": {
			"version": "7.10.4",
			"resolved": "https://registry.npmjs.org/@babel/helper-validator-identifier/-/helper-validator-identifier-7.10.4.tgz",
			"integrity": "sha512-3U9y+43hz7ZM+rzG24Qe2mufW5KhvFg/NhnNph+i9mgCtdTCtMJuI1TMkrIUiK7Ix4PYlRF9I5dhqaLYA/ADXw==",
			"dev": true
		},
		"@babel/highlight": {
			"version": "7.10.4",
			"resolved": "https://registry.npmjs.org/@babel/highlight/-/highlight-7.10.4.tgz",
			"integrity": "sha512-i6rgnR/YgPEQzZZnbTHHuZdlE8qyoBNalD6F+q4vAFlcMEcqmkoG+mPqJYJCo63qPf74+Y1UZsl3l6f7/RIkmA==",
			"dev": true,
			"requires": {
				"@babel/helper-validator-identifier": "^7.10.4",
				"chalk": "^2.0.0",
				"js-tokens": "^4.0.0"
			}
		},
		"@babel/parser": {
			"version": "7.10.4",
			"resolved": "https://registry.npmjs.org/@babel/parser/-/parser-7.10.4.tgz",
			"integrity": "sha512-8jHII4hf+YVDsskTF6WuMB3X4Eh+PsUkC2ljq22so5rHvH+T8BzyL94VOdyFLNR8tBSVXOTbNHOKpR4TfRxVtA==",
			"dev": true
		},
		"@babel/plugin-proposal-decorators": {
			"version": "7.12.1",
			"resolved": "https://registry.npmjs.org/@babel/plugin-proposal-decorators/-/plugin-proposal-decorators-7.12.1.tgz",
			"integrity": "sha512-knNIuusychgYN8fGJHONL0RbFxLGawhXOJNLBk75TniTsZZeA+wdkDuv6wp4lGwzQEKjZi6/WYtnb3udNPmQmQ==",
			"dev": true,
			"requires": {
				"@babel/helper-create-class-features-plugin": "^7.12.1",
				"@babel/helper-plugin-utils": "^7.10.4",
				"@babel/plugin-syntax-decorators": "^7.12.1"
			},
			"dependencies": {
				"@babel/code-frame": {
					"version": "7.10.4",
					"resolved": "https://registry.npmjs.org/@babel/code-frame/-/code-frame-7.10.4.tgz",
					"integrity": "sha512-vG6SvB6oYEhvgisZNFRmRCUkLz11c7rp+tbNTynGqc6mS1d5ATd/sGyV6W0KZZnXRKMTzZDRgQT3Ou9jhpAfUg==",
					"dev": true,
					"requires": {
						"@babel/highlight": "^7.10.4"
					}
				},
				"@babel/generator": {
					"version": "7.12.5",
					"resolved": "https://registry.npmjs.org/@babel/generator/-/generator-7.12.5.tgz",
					"integrity": "sha512-m16TQQJ8hPt7E+OS/XVQg/7U184MLXtvuGbCdA7na61vha+ImkyyNM/9DDA0unYCVZn3ZOhng+qz48/KBOT96A==",
					"dev": true,
					"requires": {
						"@babel/types": "^7.12.5",
						"jsesc": "^2.5.1",
						"source-map": "^0.5.0"
					}
				},
				"@babel/helper-create-class-features-plugin": {
					"version": "7.12.1",
					"resolved": "https://registry.npmjs.org/@babel/helper-create-class-features-plugin/-/helper-create-class-features-plugin-7.12.1.tgz",
					"integrity": "sha512-hkL++rWeta/OVOBTRJc9a5Azh5mt5WgZUGAKMD8JM141YsE08K//bp1unBBieO6rUKkIPyUE0USQ30jAy3Sk1w==",
					"dev": true,
					"requires": {
						"@babel/helper-function-name": "^7.10.4",
						"@babel/helper-member-expression-to-functions": "^7.12.1",
						"@babel/helper-optimise-call-expression": "^7.10.4",
						"@babel/helper-replace-supers": "^7.12.1",
						"@babel/helper-split-export-declaration": "^7.10.4"
					}
				},
				"@babel/helper-member-expression-to-functions": {
					"version": "7.12.1",
					"resolved": "https://registry.npmjs.org/@babel/helper-member-expression-to-functions/-/helper-member-expression-to-functions-7.12.1.tgz",
					"integrity": "sha512-k0CIe3tXUKTRSoEx1LQEPFU9vRQfqHtl+kf8eNnDqb4AUJEy5pz6aIiog+YWtVm2jpggjS1laH68bPsR+KWWPQ==",
					"dev": true,
					"requires": {
						"@babel/types": "^7.12.1"
					}
				},
				"@babel/helper-replace-supers": {
					"version": "7.12.5",
					"resolved": "https://registry.npmjs.org/@babel/helper-replace-supers/-/helper-replace-supers-7.12.5.tgz",
					"integrity": "sha512-5YILoed0ZyIpF4gKcpZitEnXEJ9UoDRki1Ey6xz46rxOzfNMAhVIJMoune1hmPVxh40LRv1+oafz7UsWX+vyWA==",
					"dev": true,
					"requires": {
						"@babel/helper-member-expression-to-functions": "^7.12.1",
						"@babel/helper-optimise-call-expression": "^7.10.4",
						"@babel/traverse": "^7.12.5",
						"@babel/types": "^7.12.5"
					}
				},
				"@babel/parser": {
					"version": "7.12.5",
					"resolved": "https://registry.npmjs.org/@babel/parser/-/parser-7.12.5.tgz",
					"integrity": "sha512-FVM6RZQ0mn2KCf1VUED7KepYeUWoVShczewOCfm3nzoBybaih51h+sYVVGthW9M6lPByEPTQf+xm27PBdlpwmQ==",
					"dev": true
				},
				"@babel/traverse": {
					"version": "7.12.5",
					"resolved": "https://registry.npmjs.org/@babel/traverse/-/traverse-7.12.5.tgz",
					"integrity": "sha512-xa15FbQnias7z9a62LwYAA5SZZPkHIXpd42C6uW68o8uTuua96FHZy1y61Va5P/i83FAAcMpW8+A/QayntzuqA==",
					"dev": true,
					"requires": {
						"@babel/code-frame": "^7.10.4",
						"@babel/generator": "^7.12.5",
						"@babel/helper-function-name": "^7.10.4",
						"@babel/helper-split-export-declaration": "^7.11.0",
						"@babel/parser": "^7.12.5",
						"@babel/types": "^7.12.5",
						"debug": "^4.1.0",
						"globals": "^11.1.0",
						"lodash": "^4.17.19"
					},
					"dependencies": {
						"@babel/helper-split-export-declaration": {
							"version": "7.11.0",
							"resolved": "https://registry.npmjs.org/@babel/helper-split-export-declaration/-/helper-split-export-declaration-7.11.0.tgz",
							"integrity": "sha512-74Vejvp6mHkGE+m+k5vHY93FX2cAtrw1zXrZXRlG4l410Nm9PxfEiVTn1PjDPV5SnmieiueY4AFg2xqhNFuuZg==",
							"dev": true,
							"requires": {
								"@babel/types": "^7.11.0"
							}
						}
					}
				},
				"@babel/types": {
					"version": "7.12.6",
					"resolved": "https://registry.npmjs.org/@babel/types/-/types-7.12.6.tgz",
					"integrity": "sha512-hwyjw6GvjBLiyy3W0YQf0Z5Zf4NpYejUnKFcfcUhZCSffoBBp30w6wP2Wn6pk31jMYZvcOrB/1b7cGXvEoKogA==",
					"dev": true,
					"requires": {
						"@babel/helper-validator-identifier": "^7.10.4",
						"lodash": "^4.17.19",
						"to-fast-properties": "^2.0.0"
					}
				},
				"source-map": {
					"version": "0.5.7",
					"resolved": "https://registry.npmjs.org/source-map/-/source-map-0.5.7.tgz",
					"integrity": "sha1-igOdLRAh0i0eoUyA2OpGi6LvP8w=",
					"dev": true
				}
			}
		},
		"@babel/plugin-syntax-decorators": {
			"version": "7.12.1",
			"resolved": "https://registry.npmjs.org/@babel/plugin-syntax-decorators/-/plugin-syntax-decorators-7.12.1.tgz",
			"integrity": "sha512-ir9YW5daRrTYiy9UJ2TzdNIJEZu8KclVzDcfSt4iEmOtwQ4llPtWInNKJyKnVXp1vE4bbVd5S31M/im3mYMO1w==",
			"dev": true,
			"requires": {
				"@babel/helper-plugin-utils": "^7.10.4"
			}
		},
		"@babel/template": {
			"version": "7.10.4",
			"resolved": "https://registry.npmjs.org/@babel/template/-/template-7.10.4.tgz",
			"integrity": "sha512-ZCjD27cGJFUB6nmCB1Enki3r+L5kJveX9pq1SvAUKoICy6CZ9yD8xO086YXdYhvNjBdnekm4ZnaP5yC8Cs/1tA==",
			"dev": true,
			"requires": {
				"@babel/code-frame": "^7.10.4",
				"@babel/parser": "^7.10.4",
				"@babel/types": "^7.10.4"
			},
			"dependencies": {
				"@babel/code-frame": {
					"version": "7.10.4",
					"resolved": "https://registry.npmjs.org/@babel/code-frame/-/code-frame-7.10.4.tgz",
					"integrity": "sha512-vG6SvB6oYEhvgisZNFRmRCUkLz11c7rp+tbNTynGqc6mS1d5ATd/sGyV6W0KZZnXRKMTzZDRgQT3Ou9jhpAfUg==",
					"dev": true,
					"requires": {
						"@babel/highlight": "^7.10.4"
					}
				},
				"@babel/types": {
					"version": "7.10.4",
					"resolved": "https://registry.npmjs.org/@babel/types/-/types-7.10.4.tgz",
					"integrity": "sha512-UTCFOxC3FsFHb7lkRMVvgLzaRVamXuAs2Tz4wajva4WxtVY82eZeaUBtC2Zt95FU9TiznuC0Zk35tsim8jeVpg==",
					"dev": true,
					"requires": {
						"@babel/helper-validator-identifier": "^7.10.4",
						"lodash": "^4.17.13",
						"to-fast-properties": "^2.0.0"
					}
				}
			}
		},
		"@next/env": {
			"version": "13.0.4",
			"resolved": "https://registry.npmjs.org/@next/env/-/env-13.0.4.tgz",
			"integrity": "sha512-N5Z3bdxBzoxrC5bwykDFITzdWuwDteOdZ+7nxixY+I1XpRX8/iQYbw2wuXMdqdfBGm2NNUpAqg8YF2e4oAC2UQ=="
		},
		"@next/swc-android-arm-eabi": {
			"version": "13.0.4",
			"resolved": "https://registry.npmjs.org/@next/swc-android-arm-eabi/-/swc-android-arm-eabi-13.0.4.tgz",
			"integrity": "sha512-SD9H+/zuV3L0oHIhsDdFkDqFtg6pIHtqRUPlsrNdOsmWXgMlSzxBmwt2ta4kyrazS62BQu7XRUG++ZyODS7AWg==",
			"optional": true
		},
		"@next/swc-android-arm64": {
			"version": "13.0.4",
			"resolved": "https://registry.npmjs.org/@next/swc-android-arm64/-/swc-android-arm64-13.0.4.tgz",
			"integrity": "sha512-F8W5WcBbdn/zBoy32/mQiefs9DNsT12CTSSVCsO8GvQR7GjJU+uduQ4drKcSDoDLuAFULc2jDN06Circq4vuQg==",
			"optional": true
		},
		"@next/swc-darwin-arm64": {
			"version": "13.0.4",
			"resolved": "https://registry.npmjs.org/@next/swc-darwin-arm64/-/swc-darwin-arm64-13.0.4.tgz",
			"integrity": "sha512-/lajev+9GSie+rRTl5z8skW9RJwZ+TwMKLzzM24TbDk8lUjqPTyJZ/cU0NDj8J7VQAZ6EehACSh9rcJeBRtLuA==",
			"optional": true
		},
		"@next/swc-darwin-x64": {
			"version": "13.0.4",
			"resolved": "https://registry.npmjs.org/@next/swc-darwin-x64/-/swc-darwin-x64-13.0.4.tgz",
			"integrity": "sha512-HK4b2rFiju8d40GTL/jH9U6OQ7BYA2MeEHs7Dm7Rp7kwQtLzP3z6osdQS8er20tIFHDE4b+oVBy03ZUQkHf0Pg==",
			"optional": true
		},
		"@next/swc-freebsd-x64": {
			"version": "13.0.4",
			"resolved": "https://registry.npmjs.org/@next/swc-freebsd-x64/-/swc-freebsd-x64-13.0.4.tgz",
			"integrity": "sha512-xBvIGLaGzZtgJfRRJ2DBN82DQCJ/O7jkXyBp8X/vHefPWyVXVqF6C68Rv8ADp11thPpf8WpjkvDDLb9AuWHQUA==",
			"optional": true
		},
		"@next/swc-linux-arm-gnueabihf": {
			"version": "13.0.4",
			"resolved": "https://registry.npmjs.org/@next/swc-linux-arm-gnueabihf/-/swc-linux-arm-gnueabihf-13.0.4.tgz",
			"integrity": "sha512-s13pxNp9deKmmxEGTp1MoL1e4nf4wbEymEaHgFxUlhoR1OD9tK8oTNrQphQePJgVjzcWmRGH/dX7O9mVkHbU/g==",
			"optional": true
		},
		"@next/swc-linux-arm64-gnu": {
			"version": "13.0.4",
			"resolved": "https://registry.npmjs.org/@next/swc-linux-arm64-gnu/-/swc-linux-arm64-gnu-13.0.4.tgz",
			"integrity": "sha512-Lklo65usNzoYwjX51CpDKOepWVZBdwO49/Jz3djxiYUr2lRtpDVnlfwCvzN+47j3BMVMWtC2ndIi8Q4s3J0v4g==",
			"optional": true
		},
		"@next/swc-linux-arm64-musl": {
			"version": "13.0.4",
			"resolved": "https://registry.npmjs.org/@next/swc-linux-arm64-musl/-/swc-linux-arm64-musl-13.0.4.tgz",
			"integrity": "sha512-+3BXtXBwjVhd5lahDe5nKZ7EwD6hE/oLFQkITCvgxymU5qYHGlLFyF52/lyw8qhyxoCr7mMVsUFhlCzVwCfNjg==",
			"optional": true
		},
		"@next/swc-linux-x64-gnu": {
			"version": "13.0.4",
			"resolved": "https://registry.npmjs.org/@next/swc-linux-x64-gnu/-/swc-linux-x64-gnu-13.0.4.tgz",
			"integrity": "sha512-QB8qoZrvHhZsz62nUrTKlp5IiZ8I7KZsaa6437H/W/NOZHLGJjCxROnhUjLvKVe/T5P86pjya2SUOUqWAjz4Pg==",
			"optional": true
		},
		"@next/swc-linux-x64-musl": {
			"version": "13.0.4",
			"resolved": "https://registry.npmjs.org/@next/swc-linux-x64-musl/-/swc-linux-x64-musl-13.0.4.tgz",
			"integrity": "sha512-WaahF6DYUQRg1QqIMcuOu2ZsFhS3aC5iWeQyeptMHklP9wb4FfTNmBArKHknX/GXD8P9gI38WTAHJ25cc0zVwg==",
			"optional": true
		},
		"@next/swc-win32-arm64-msvc": {
			"version": "13.0.4",
			"resolved": "https://registry.npmjs.org/@next/swc-win32-arm64-msvc/-/swc-win32-arm64-msvc-13.0.4.tgz",
			"integrity": "sha512-FD+k1j2jeY0aKcqcpzFKfTsv55PPmIZ5GKDyPjjV5AO6XvQ4nALwWl4JwizjH2426TfLXObb+C3MH0bl9Ok1Kw==",
			"optional": true
		},
		"@next/swc-win32-ia32-msvc": {
			"version": "13.0.4",
			"resolved": "https://registry.npmjs.org/@next/swc-win32-ia32-msvc/-/swc-win32-ia32-msvc-13.0.4.tgz",
			"integrity": "sha512-+Q/Q8Ydvz3X3U84CyZdNv1HC7fE43k+xB8C6b3IFmWGa5Tu2tfskQ2FsUNBrYreZjhFC/894J3rVQ6Vj6Auugg==",
			"optional": true
		},
		"@next/swc-win32-x64-msvc": {
			"version": "13.0.4",
			"resolved": "https://registry.npmjs.org/@next/swc-win32-x64-msvc/-/swc-win32-x64-msvc-13.0.4.tgz",
			"integrity": "sha512-vXtbo9N1FdtZZRcv4BliU28tTYrkb1EnVpUiiFFe88I6kS9aZVTMY9Z/OtDR52rl1JF1hgs9sL/59D/TQqSATQ==",
			"optional": true
		},
		"@swc/helpers": {
			"version": "0.4.11",
			"resolved": "https://registry.npmjs.org/@swc/helpers/-/helpers-0.4.11.tgz",
			"integrity": "sha512-rEUrBSGIoSFuYxwBYtlUFMlE2CwGhmW+w9355/5oduSw8e5h2+Tj4UrAGNNgP9915++wj5vkQo0UuOBqOAq4nw==",
			"requires": {
				"tslib": "^2.4.0"
			}
		},
		"ansi-styles": {
			"version": "3.2.1",
			"resolved": "https://registry.npmjs.org/ansi-styles/-/ansi-styles-3.2.1.tgz",
			"integrity": "sha512-VT0ZI6kZRdTh8YyJw3SMbYm/u+NqfsAxEpWO0Pf9sq8/e94WxxOpPKx9FR1FlyCtOVDNOQ+8ntlqFxiRc+r5qA==",
			"dev": true,
			"requires": {
				"color-convert": "^1.9.0"
			}
		},
		"attr-accept": {
			"version": "2.2.2",
			"resolved": "https://registry.npmjs.org/attr-accept/-/attr-accept-2.2.2.tgz",
			"integrity": "sha512-7prDjvt9HmqiZ0cl5CRjtS84sEyhsHP2coDkaZKRKVfCDo9s7iw7ChVmar78Gu9pC4SoR/28wFu/G5JJhTnqEg=="
		},
		"babel-runtime": {
			"version": "6.26.0",
			"resolved": "https://registry.npmjs.org/babel-runtime/-/babel-runtime-6.26.0.tgz",
			"integrity": "sha1-llxwWGaOgrVde/4E/yM3vItWR/4=",
			"requires": {
				"core-js": "^2.4.0",
				"regenerator-runtime": "^0.11.0"
			},
			"dependencies": {
				"regenerator-runtime": {
					"version": "0.11.1",
					"resolved": "https://registry.npmjs.org/regenerator-runtime/-/regenerator-runtime-0.11.1.tgz",
					"integrity": "sha512-MguG95oij0fC3QV3URf4V2SDYGJhJnJGqvIIgdECeODCT98wSWDAJ94SSuVpYQUoTcGUIL6L4yNB7j1DFFHSBg=="
				}
			}
		},
		"camelcase": {
			"version": "5.3.1",
			"resolved": "https://registry.npmjs.org/camelcase/-/camelcase-5.3.1.tgz",
			"integrity": "sha512-L28STB170nwWS63UjtlEOE3dldQApaJXZkOI1uMFfzf3rRuPegHaHesyee+YxQ+W6SvRDQV6UrdOdRiR153wJg=="
		},
		"caniuse-lite": {
			"version": "1.0.30001431",
			"resolved": "https://registry.npmjs.org/caniuse-lite/-/caniuse-lite-1.0.30001431.tgz",
			"integrity": "sha512-zBUoFU0ZcxpvSt9IU66dXVT/3ctO1cy4y9cscs1szkPlcWb6pasYM144GqrUygUbT+k7cmUCW61cvskjcv0enQ=="
		},
		"chalk": {
			"version": "2.4.2",
			"resolved": "https://registry.npmjs.org/chalk/-/chalk-2.4.2.tgz",
			"integrity": "sha512-Mti+f9lpJNcwF4tWV8/OrTTtF1gZi+f8FqlyAdouralcFWFQWF2+NgCHShjkCb+IFBLq9buZwE1xckQU4peSuQ==",
			"dev": true,
			"requires": {
				"ansi-styles": "^3.2.1",
				"escape-string-regexp": "^1.0.5",
				"supports-color": "^5.3.0"
			},
			"dependencies": {
				"supports-color": {
					"version": "5.5.0",
					"resolved": "https://registry.npmjs.org/supports-color/-/supports-color-5.5.0.tgz",
					"integrity": "sha512-QjVjwdXIt408MIiAqCX4oUKsgU2EqAGzs2Ppkm4aQYbjm+ZEWEcW4SfFNTr4uMNZma0ey4f5lgLrkB0aX0QMow==",
					"dev": true,
					"requires": {
						"has-flag": "^3.0.0"
					}
				}
			}
		},
		"classnames": {
			"version": "2.2.6",
			"resolved": "https://registry.npmjs.org/classnames/-/classnames-2.2.6.tgz",
			"integrity": "sha512-JR/iSQOSt+LQIWwrwEzJ9uk0xfN3mTVYMwt1Ir5mUcSN6pU+V4zQFFaJsclJbPuAUQH+yfWef6tm7l1quW3C8Q=="
		},
		"client-only": {
			"version": "0.0.1",
			"resolved": "https://registry.npmjs.org/client-only/-/client-only-0.0.1.tgz",
			"integrity": "sha512-IV3Ou0jSMzZrd3pZ48nLkT9DA7Ag1pnPzaiQhpW7c3RbcqqzvzzVu+L8gfqMp/8IM2MQtSiqaCxrrcfu8I8rMA=="
		},
		"color-convert": {
			"version": "1.9.3",
			"resolved": "https://registry.npmjs.org/color-convert/-/color-convert-1.9.3.tgz",
			"integrity": "sha512-QfAUtd+vFdAtFQcC8CCyYt1fYWxSqAiK2cSD6zDB8N3cpsEBAvRxp9zOGg6G/SHHJYAT88/az/IuDGALsNVbGg==",
			"dev": true,
			"requires": {
				"color-name": "1.1.3"
			}
		},
		"color-name": {
			"version": "1.1.3",
			"resolved": "https://registry.npmjs.org/color-name/-/color-name-1.1.3.tgz",
			"integrity": "sha1-p9BVi9icQveV3UIyj3QIMcpTvCU=",
			"dev": true
		},
		"core-js": {
			"version": "2.6.11",
			"resolved": "https://registry.npmjs.org/core-js/-/core-js-2.6.11.tgz",
			"integrity": "sha512-5wjnpaT/3dV+XB4borEsnAYQchn00XSgTAWKDkEqv+K8KevjbzmofK6hfJ9TZIlpj2N0xQpazy7PiRQiWHqzWg=="
		},
		"core-util-is": {
			"version": "1.0.2",
			"resolved": "https://registry.npmjs.org/core-util-is/-/core-util-is-1.0.2.tgz",
			"integrity": "sha1-tf1UIgqivFq1eqtxQMlAdUUDwac="
		},
		"debug": {
			"version": "4.1.1",
			"resolved": "https://registry.npmjs.org/debug/-/debug-4.1.1.tgz",
			"integrity": "sha512-pYAIzeRo8J6KPEaJ0VWOh5Pzkbw/RetuzehGM7QRRX5he4fPHx2rdKMB256ehJCkX+XRQm16eZLqLNS8RSZXZw==",
			"dev": true,
			"requires": {
				"ms": "^2.1.1"
			}
		},
		"escape-string-regexp": {
			"version": "1.0.5",
			"resolved": "https://registry.npmjs.org/escape-string-regexp/-/escape-string-regexp-1.0.5.tgz",
			"integrity": "sha1-G2HAViGQqN/2rjuyzwIAyhMLhtQ=",
			"dev": true
		},
		"file-saver": {
			"version": "2.0.2",
			"resolved": "https://registry.npmjs.org/file-saver/-/file-saver-2.0.2.tgz",
			"integrity": "sha512-Wz3c3XQ5xroCxd1G8b7yL0Ehkf0TC9oYC6buPFkNnU9EnaPlifeAFCyCh+iewXTyFRcg0a6j3J7FmJsIhlhBdw=="
		},
		"file-selector": {
			"version": "0.2.3",
			"resolved": "https://registry.npmjs.org/file-selector/-/file-selector-0.2.3.tgz",
			"integrity": "sha512-d+hc9ctodLSVG55V2V5I4/eJBEr2p2na/kDN46Ty7PBhdp/Q5NmeQTXKa1Hx3AcIL1lgSFKZI0ve/v5ZXGCDkQ==",
			"requires": {
				"tslib": "^2.0.3"
			},
			"dependencies": {
				"tslib": {
					"version": "2.0.3",
					"resolved": "https://registry.npmjs.org/tslib/-/tslib-2.0.3.tgz",
					"integrity": "sha512-uZtkfKblCEQtZKBF6EBXVZeQNl82yqtDQdv+eck8u7tdPxjLu2/lp5/uPW+um2tpuxINHWy3GhiccY7QgEaVHQ=="
				}
			}
		},
		"globals": {
			"version": "11.12.0",
			"resolved": "https://registry.npmjs.org/globals/-/globals-11.12.0.tgz",
			"integrity": "sha512-WOBp/EEGUiIsJSp7wcv/y6MO+lV9UoncWqxuFfm8eBwzWNgyfBd6Gz+IeKQ9jCmyhoH99g15M3T+QaVHFjizVA==",
			"dev": true
		},
		"has-flag": {
			"version": "3.0.0",
			"resolved": "https://registry.npmjs.org/has-flag/-/has-flag-3.0.0.tgz",
			"integrity": "sha1-tdRU3CGZriJWmfNGfloH87lVuv0=",
			"dev": true
		},
		"heic2any": {
			"version": "0.0.3",
			"resolved": "https://registry.npmjs.org/heic2any/-/heic2any-0.0.3.tgz",
			"integrity": "sha512-1KG0LzZuIPiqyJjwLgGlgrgWd3UBwUE9g5+tOuHy8PbeH2hF0U4gc4ZWT4ChlCmcdISr1xVRimSehsTOPdRXnQ=="
		},
		"immediate": {
			"version": "3.0.6",
			"resolved": "https://registry.npmjs.org/immediate/-/immediate-3.0.6.tgz",
			"integrity": "sha1-nbHb0Pr43m++D13V5Wu2BigN5ps="
		},
		"inherits": {
			"version": "2.0.4",
			"resolved": "https://registry.npmjs.org/inherits/-/inherits-2.0.4.tgz",
			"integrity": "sha512-k/vGaX4/Yla3WzyMCvTQOXYeIHvqOKtnqBduzTHpzpQZzAskKMhZ2K+EnBiSM9zGSoIFeMpXKxa4dYeZIQqewQ=="
		},
		"isarray": {
			"version": "1.0.0",
			"resolved": "https://registry.npmjs.org/isarray/-/isarray-1.0.0.tgz",
			"integrity": "sha1-u5NdSFgsuhaMBoNJV6VKPgcSTxE="
		},
		"js-tokens": {
			"version": "4.0.0",
			"resolved": "https://registry.npmjs.org/js-tokens/-/js-tokens-4.0.0.tgz",
			"integrity": "sha512-RdJUflcE3cUzKiMqQgsCu06FPu9UdIJO0beYbPhHN4k6apgJtifcoCtT9bcxOpYBtpD2kCM6Sbzg4CausW/PKQ=="
		},
		"jsesc": {
			"version": "2.5.2",
			"resolved": "https://registry.npmjs.org/jsesc/-/jsesc-2.5.2.tgz",
			"integrity": "sha512-OYu7XEzjkCQ3C5Ps3QIZsQfNpqoJyZZA99wd9aWd05NCtC5pWOkShK2mkL6HXQR6/Cy2lbNdPlZBpuQHXE63gA==",
			"dev": true
		},
		"jszip": {
			"version": "3.7.0",
			"resolved": "https://registry.npmjs.org/jszip/-/jszip-3.7.0.tgz",
			"integrity": "sha512-Y2OlFIzrDOPWUnpU0LORIcDn2xN7rC9yKffFM/7pGhQuhO+SUhfm2trkJ/S5amjFvem0Y+1EALz/MEPkvHXVNw==",
			"requires": {
				"lie": "~3.3.0",
				"pako": "~1.0.2",
				"readable-stream": "~2.3.6",
				"set-immediate-shim": "~1.0.1"
			}
		},
		"lie": {
			"version": "3.3.0",
			"resolved": "https://registry.npmjs.org/lie/-/lie-3.3.0.tgz",
			"integrity": "sha512-UaiMJzeWRlEujzAuw5LokY1L5ecNQYZKfmyZ9L7wDHb/p5etKaxXhohBcrw0EYby+G/NA52vRSN4N39dxHAIwQ==",
			"requires": {
				"immediate": "~3.0.5"
			}
		},
		"lodash": {
			"version": "4.17.21",
			"resolved": "https://registry.npmjs.org/lodash/-/lodash-4.17.21.tgz",
			"integrity": "sha512-v2kDEe57lecTulaDIuNTPy3Ry4gLGJ6Z1O3vE1krgXZNrsQ+LFTGHVxVjcXPs17LhbZVGedAJv8XZ1tvj5FvSg==",
			"dev": true
		},
		"loose-envify": {
			"version": "1.4.0",
			"resolved": "https://registry.npmjs.org/loose-envify/-/loose-envify-1.4.0.tgz",
			"integrity": "sha512-lyuxPGr/Wfhrlem2CL/UcnUc1zcqKAImBDzukY7Y5F/yQiNdko6+fRLevlw1HgMySw7f611UIY408EtxRSoK3Q==",
			"requires": {
				"js-tokens": "^3.0.0 || ^4.0.0"
			}
		},
		"mobx": {
			"version": "5.15.7",
			"resolved": "https://registry.npmjs.org/mobx/-/mobx-5.15.7.tgz",
			"integrity": "sha512-wyM3FghTkhmC+hQjyPGGFdpehrcX1KOXsDuERhfK2YbJemkUhEB+6wzEN639T21onxlfYBmriA1PFnvxTUhcKw=="
		},
		"mobx-react": {
			"version": "6.3.1",
			"resolved": "https://registry.npmjs.org/mobx-react/-/mobx-react-6.3.1.tgz",
			"integrity": "sha512-IOxdJGnRSNSJrL2uGpWO5w9JH5q5HoxEqwOF4gye1gmZYdjoYkkMzSGMDnRCUpN/BNzZcFoMdHXrjvkwO7KgaQ==",
			"requires": {
				"mobx-react-lite": "^2.2.0"
			}
		},
		"mobx-react-lite": {
			"version": "2.2.2",
			"resolved": "https://registry.npmjs.org/mobx-react-lite/-/mobx-react-lite-2.2.2.tgz",
			"integrity": "sha512-2SlXALHIkyUPDsV4VTKVR9DW7K3Ksh1aaIv3NrNJygTbhXe2A9GrcKHZ2ovIiOp/BXilOcTYemfHHZubP431dg=="
		},
		"ms": {
			"version": "2.1.2",
			"resolved": "https://registry.npmjs.org/ms/-/ms-2.1.2.tgz",
			"integrity": "sha512-sGkPx+VjMtmA6MX27oA4FBFELFCZZ4S4XqeGOXCv68tT+jb3vk/RyaKWP0PTKyWtmLSM0b+adUTEvbs1PEaH2w==",
			"dev": true
		},
		"nanoid": {
			"version": "3.3.4",
			"resolved": "https://registry.npmjs.org/nanoid/-/nanoid-3.3.4.tgz",
			"integrity": "sha512-MqBkQh/OHTS2egovRtLk45wEyNXwF+cokD+1YPf9u5VfJiRdAiRwB2froX5Co9Rh20xs4siNPm8naNotSD6RBw=="
		},
		"next": {
			"version": "13.0.4",
			"resolved": "https://registry.npmjs.org/next/-/next-13.0.4.tgz",
			"integrity": "sha512-4P0MvbjPCI1E/UPL1GrTXtYlgFnbBbY3JQ+AMY8jYE2SwyvCWctEJySoRjveznAHjrl6TIjuAJeB8u1c2StYUQ==",
			"requires": {
				"@next/env": "13.0.4",
				"@next/swc-android-arm-eabi": "13.0.4",
				"@next/swc-android-arm64": "13.0.4",
				"@next/swc-darwin-arm64": "13.0.4",
				"@next/swc-darwin-x64": "13.0.4",
				"@next/swc-freebsd-x64": "13.0.4",
				"@next/swc-linux-arm-gnueabihf": "13.0.4",
				"@next/swc-linux-arm64-gnu": "13.0.4",
				"@next/swc-linux-arm64-musl": "13.0.4",
				"@next/swc-linux-x64-gnu": "13.0.4",
				"@next/swc-linux-x64-musl": "13.0.4",
				"@next/swc-win32-arm64-msvc": "13.0.4",
				"@next/swc-win32-ia32-msvc": "13.0.4",
				"@next/swc-win32-x64-msvc": "13.0.4",
				"@swc/helpers": "0.4.11",
				"caniuse-lite": "^1.0.30001406",
				"postcss": "8.4.14",
				"styled-jsx": "5.1.0",
				"use-sync-external-store": "1.2.0"
			}
		},
		"object-assign": {
			"version": "4.1.1",
			"resolved": "https://registry.npmjs.org/object-assign/-/object-assign-4.1.1.tgz",
			"integrity": "sha1-IQmtx5ZYh8/AXLvUQsrIv7s2CGM="
		},
		"pako": {
			"version": "1.0.11",
			"resolved": "https://registry.npmjs.org/pako/-/pako-1.0.11.tgz",
			"integrity": "sha512-4hLB8Py4zZce5s4yd9XzopqwVv/yGNhV1Bl8NTmCq1763HeK2+EwVTv+leGeL13Dnh2wfbqowVPXCIO0z4taYw=="
		},
		"picocolors": {
			"version": "1.0.0",
			"resolved": "https://registry.npmjs.org/picocolors/-/picocolors-1.0.0.tgz",
			"integrity": "sha512-1fygroTLlHu66zi26VoTDv8yRgm0Fccecssto+MhsZ0D/DGW2sm8E8AjW7NU5VVTRt5GxbeZ5qBuJr+HyLYkjQ=="
		},
		"postcss": {
			"version": "8.4.14",
			"resolved": "https://registry.npmjs.org/postcss/-/postcss-8.4.14.tgz",
			"integrity": "sha512-E398TUmfAYFPBSdzgeieK2Y1+1cpdxJx8yXbK/m57nRhKSmk1GB2tO4lbLBtlkfPQTDKfe4Xqv1ASWPpayPEig==",
			"requires": {
				"nanoid": "^3.3.4",
				"picocolors": "^1.0.0",
				"source-map-js": "^1.0.2"
			}
		},
		"process-nextick-args": {
			"version": "2.0.1",
			"resolved": "https://registry.npmjs.org/process-nextick-args/-/process-nextick-args-2.0.1.tgz",
			"integrity": "sha512-3ouUOpQhtgrbOa17J7+uxOTpITYWaGP7/AhoR3+A+/1e9skrzelGi/dXzEYyvbxubEF6Wn2ypscTKiKJFFn1ag=="
		},
		"prop-types": {
			"version": "15.7.2",
			"resolved": "https://registry.npmjs.org/prop-types/-/prop-types-15.7.2.tgz",
			"integrity": "sha512-8QQikdH7//R2vurIJSutZ1smHYTcLpRWEOlHnzcWHmBYrOGUysKwSsrC89BCiFj3CbrfJ/nXFdJepOVrY1GCHQ==",
			"requires": {
				"loose-envify": "^1.4.0",
				"object-assign": "^4.1.1",
				"react-is": "^16.8.1"
			}
		},
		"react": {
			"version": "16.13.1",
			"resolved": "https://registry.npmjs.org/react/-/react-16.13.1.tgz",
			"integrity": "sha512-YMZQQq32xHLX0bz5Mnibv1/LHb3Sqzngu7xstSM+vrkE5Kzr9xE0yMByK5kMoTK30YVJE61WfbxIFFvfeDKT1w==",
			"requires": {
				"loose-envify": "^1.1.0",
				"object-assign": "^4.1.1",
				"prop-types": "^15.6.2"
			}
		},
		"react-dom": {
			"version": "16.13.1",
			"resolved": "https://registry.npmjs.org/react-dom/-/react-dom-16.13.1.tgz",
			"integrity": "sha512-81PIMmVLnCNLO/fFOQxdQkvEq/+Hfpv24XNJfpyZhTRfO0QcmQIF/PgCa1zCOj2w1hrn12MFLyaJ/G0+Mxtfag==",
			"requires": {
				"loose-envify": "^1.1.0",
				"object-assign": "^4.1.1",
				"prop-types": "^15.6.2",
				"scheduler": "^0.19.1"
			}
		},
		"react-dropzone": {
			"version": "11.2.3",
			"resolved": "https://registry.npmjs.org/react-dropzone/-/react-dropzone-11.2.3.tgz",
			"integrity": "sha512-D99BhHm7H1h7ztUH/FLDo4wDy7VzXMbHoS/tUZHtoaY37Y55uadq0kUKqoaJ8PXl+niqdb5t6GankuEaAL6Vwg==",
			"requires": {
				"attr-accept": "^2.2.1",
				"file-selector": "^0.2.2",
				"prop-types": "^15.7.2"
			}
		},
		"react-icons": {
			"version": "3.11.0",
			"resolved": "https://registry.npmjs.org/react-icons/-/react-icons-3.11.0.tgz",
			"integrity": "sha512-JRgiI/vdF6uyBgyZhVyYJUZAop95Sy4XDe/jmT3R/bKliFWpO/uZBwvSjWEdxwzec7SYbEPNPck0Kff2tUGM2Q==",
			"requires": {
				"camelcase": "^5.0.0"
			}
		},
		"react-is": {
			"version": "16.13.1",
			"resolved": "https://registry.npmjs.org/react-is/-/react-is-16.13.1.tgz",
			"integrity": "sha512-24e6ynE2H+OKt4kqsOvNd8kBpV65zoxbA4BVsEOB3ARVWQki/DHzaUoC5KuON/BiccDaCCTZBuOcfZs70kR8bQ=="
		},
		"react-loader-spinner": {
			"version": "3.1.14",
			"resolved": "https://registry.npmjs.org/react-loader-spinner/-/react-loader-spinner-3.1.14.tgz",
			"integrity": "sha512-7V+upnW+RVA/O94LIB/EQLK2uaz/TpZBHG5uNXlOXgvxvALxlxVYeEDmus5Oex2C58fiwrsRvSyu/4VRmLbZ9Q==",
			"requires": {
				"babel-runtime": "^6.26.0",
				"prop-types": "^15.7.2"
			}
		},
		"react-sortablejs": {
			"version": "2.1.0",
			"resolved": "https://registry.npmjs.org/react-sortablejs/-/react-sortablejs-2.1.0.tgz",
			"integrity": "sha512-VFE7R/Np8yvHxhA31XTIdh86QzwFbUmwCoEBkn4KilISmeZ2Kq2NsNstOuPZEs8ULKqLahE+r2VlMTDVcj7s3Q==",
			"requires": {
				"classnames": "^2.2.6",
				"tiny-invariant": "^1.1.0"
			}
		},
		"readable-stream": {
			"version": "2.3.7",
			"resolved": "https://registry.npmjs.org/readable-stream/-/readable-stream-2.3.7.tgz",
			"integrity": "sha512-Ebho8K4jIbHAxnuxi7o42OrZgF/ZTNcsZj6nRKyUmkhLFq8CHItp/fy6hQZuZmP/n3yZ9VBUbp4zz/mX8hmYPw==",
			"requires": {
				"core-util-is": "~1.0.0",
				"inherits": "~2.0.3",
				"isarray": "~1.0.0",
				"process-nextick-args": "~2.0.0",
				"safe-buffer": "~5.1.1",
				"string_decoder": "~1.1.1",
				"util-deprecate": "~1.0.1"
			}
		},
		"safe-buffer": {
			"version": "5.1.2",
			"resolved": "https://registry.npmjs.org/safe-buffer/-/safe-buffer-5.1.2.tgz",
			"integrity": "sha512-Gd2UZBJDkXlY7GbJxfsE8/nvKkUEU1G38c1siN6QP6a9PT9MmHB8GnpscSmMJSoF8LOIrt8ud/wPtojys4G6+g=="
		},
		"scheduler": {
			"version": "0.19.1",
			"resolved": "https://registry.npmjs.org/scheduler/-/scheduler-0.19.1.tgz",
			"integrity": "sha512-n/zwRWRYSUj0/3g/otKDRPMh6qv2SYMWNq85IEa8iZyAv8od9zDYpGSnpBEjNgcMNq6Scbu5KfIPxNF72R/2EA==",
			"requires": {
				"loose-envify": "^1.1.0",
				"object-assign": "^4.1.1"
			}
		},
		"set-immediate-shim": {
			"version": "1.0.1",
			"resolved": "https://registry.npmjs.org/set-immediate-shim/-/set-immediate-shim-1.0.1.tgz",
			"integrity": "sha1-SysbJ+uAip+NzEgaWOXlb1mfP2E="
		},
		"sortablejs": {
			"version": "1.10.2",
			"resolved": "https://registry.npmjs.org/sortablejs/-/sortablejs-1.10.2.tgz",
			"integrity": "sha512-YkPGufevysvfwn5rfdlGyrGjt7/CRHwvRPogD/lC+TnvcN29jDpCifKP+rBqf+LRldfXSTh+0CGLcSg0VIxq3A=="
		},
		"source-map-js": {
			"version": "1.0.2",
			"resolved": "https://registry.npmjs.org/source-map-js/-/source-map-js-1.0.2.tgz",
			"integrity": "sha512-R0XvVJ9WusLiqTCEiGCmICCMplcCkIwwR11mOSD9CR5u+IXYdiseeEuXCVAjS54zqwkLcPNnmU4OeJ6tUrWhDw=="
		},
		"string_decoder": {
			"version": "1.1.1",
			"resolved": "https://registry.npmjs.org/string_decoder/-/string_decoder-1.1.1.tgz",
			"integrity": "sha512-n/ShnvDi6FHbbVfviro+WojiFzv+s8MPMHBczVePfUpDJLwoLT0ht1l4YwBCbi8pJAveEEdnkHyPyTP/mzRfwg==",
			"requires": {
				"safe-buffer": "~5.1.0"
			}
		},
		"styled-jsx": {
			"version": "5.1.0",
			"resolved": "https://registry.npmjs.org/styled-jsx/-/styled-jsx-5.1.0.tgz",
			"integrity": "sha512-/iHaRJt9U7T+5tp6TRelLnqBqiaIT0HsO0+vgyj8hK2KUk7aejFqRrumqPUlAqDwAj8IbS/1hk3IhBAAK/FCUQ==",
			"requires": {
				"client-only": "0.0.1"
			}
		},
		"tiny-invariant": {
			"version": "1.1.0",
			"resolved": "https://registry.npmjs.org/tiny-invariant/-/tiny-invariant-1.1.0.tgz",
			"integrity": "sha512-ytxQvrb1cPc9WBEI/HSeYYoGD0kWnGEOR8RY6KomWLBVhqz0RgTwVO9dLrGz7dC+nN9llyI7OKAgRq8Vq4ZBSw=="
		},
		"to-fast-properties": {
			"version": "2.0.0",
			"resolved": "https://registry.npmjs.org/to-fast-properties/-/to-fast-properties-2.0.0.tgz",
			"integrity": "sha1-3F5pjL0HkmW8c+A3doGk5Og/YW4=",
			"dev": true
		},
		"tslib": {
			"version": "2.4.1",
			"resolved": "https://registry.npmjs.org/tslib/-/tslib-2.4.1.tgz",
			"integrity": "sha512-tGyy4dAjRIEwI7BzsB0lynWgOpfqjUdq91XXAlIWD2OwKBH7oCl/GZG/HT4BOHrTlPMOASlMQ7veyTqpmRcrNA=="
		},
		"use-sync-external-store": {
			"version": "1.2.0",
			"resolved": "https://registry.npmjs.org/use-sync-external-store/-/use-sync-external-store-1.2.0.tgz",
			"integrity": "sha512-eEgnFxGQ1Ife9bzYs6VLi8/4X6CObHMw9Qr9tPY43iKwsPw8xE8+EFsf/2cFZ5S3esXgpWgtSCtLNS41F+sKPA=="
		},
		"util-deprecate": {
			"version": "1.0.2",
			"resolved": "https://registry.npmjs.org/util-deprecate/-/util-deprecate-1.0.2.tgz",
			"integrity": "sha1-RQ1Nyfpw3nMnYvvS1KKJgUGaDM8="
		}
	}
}
